// !$*UTF8*$!
{
	archiveVersion = 1;
	classes = {
	};
	objectVersion = 53;
	objects = {

/* Begin PBXBuildFile section */
		73ACB44A292DBC38005B7CAE /* DestinationCardViewController.xib in Resources */ = {isa = PBXBuildFile; fileRef = 73ACB449292DBC38005B7CAE /* DestinationCardViewController.xib */; };
		73AE45E129310D9B00A6A885 /* UserCircleUIImageView.swift in Sources */ = {isa = PBXBuildFile; fileRef = 73AE45E029310D9B00A6A885 /* UserCircleUIImageView.swift */; };
		73F0BE6F292DA8F3006BA3EA /* AppDelegate.swift in Sources */ = {isa = PBXBuildFile; fileRef = 73F0BE6E292DA8F3006BA3EA /* AppDelegate.swift */; };
		73F0BE71292DA8F3006BA3EA /* SceneDelegate.swift in Sources */ = {isa = PBXBuildFile; fileRef = 73F0BE70292DA8F3006BA3EA /* SceneDelegate.swift */; };
		73F0BE73292DA8F3006BA3EA /* UserProfileViewController.swift in Sources */ = {isa = PBXBuildFile; fileRef = 73F0BE72292DA8F3006BA3EA /* UserProfileViewController.swift */; };
		73F0BE76292DA8F3006BA3EA /* Main.storyboard in Resources */ = {isa = PBXBuildFile; fileRef = 73F0BE74292DA8F3006BA3EA /* Main.storyboard */; };
		73F0BE78292DA8F6006BA3EA /* Assets.xcassets in Resources */ = {isa = PBXBuildFile; fileRef = 73F0BE77292DA8F6006BA3EA /* Assets.xcassets */; };
		73F0BE7B292DA8F6006BA3EA /* LaunchScreen.storyboard in Resources */ = {isa = PBXBuildFile; fileRef = 73F0BE79292DA8F6006BA3EA /* LaunchScreen.storyboard */; };
		73F0BE89292DBA2E006BA3EA /* DestinationsCardModel.swift in Sources */ = {isa = PBXBuildFile; fileRef = 73F0BE88292DBA2E006BA3EA /* DestinationsCardModel.swift */; };
		73F0BE8C292DBB9D006BA3EA /* DestinationCardViewController.swift in Sources */ = {isa = PBXBuildFile; fileRef = 73F0BE8A292DBB9D006BA3EA /* DestinationCardViewController.swift */; };
/* End PBXBuildFile section */

/* Begin PBXFileReference section */
		73ACB449292DBC38005B7CAE /* DestinationCardViewController.xib */ = {isa = PBXFileReference; lastKnownFileType = file.xib; path = DestinationCardViewController.xib; sourceTree = "<group>"; };
		73AE45E029310D9B00A6A885 /* UserCircleUIImageView.swift */ = {isa = PBXFileReference; lastKnownFileType = sourcecode.swift; path = UserCircleUIImageView.swift; sourceTree = "<group>"; };
		73F0BE6B292DA8F3006BA3EA /* MyProfie.app */ = {isa = PBXFileReference; explicitFileType = wrapper.application; includeInIndex = 0; path = MyProfie.app; sourceTree = BUILT_PRODUCTS_DIR; };
		73F0BE6E292DA8F3006BA3EA /* AppDelegate.swift */ = {isa = PBXFileReference; lastKnownFileType = sourcecode.swift; path = AppDelegate.swift; sourceTree = "<group>"; };
		73F0BE70292DA8F3006BA3EA /* SceneDelegate.swift */ = {isa = PBXFileReference; lastKnownFileType = sourcecode.swift; path = SceneDelegate.swift; sourceTree = "<group>"; };
		73F0BE72292DA8F3006BA3EA /* UserProfileViewController.swift */ = {isa = PBXFileReference; lastKnownFileType = sourcecode.swift; path = UserProfileViewController.swift; sourceTree = "<group>"; };
		73F0BE75292DA8F3006BA3EA /* Base */ = {isa = PBXFileReference; lastKnownFileType = file.storyboard; name = Base; path = Base.lproj/Main.storyboard; sourceTree = "<group>"; };
		73F0BE77292DA8F6006BA3EA /* Assets.xcassets */ = {isa = PBXFileReference; lastKnownFileType = folder.assetcatalog; path = Assets.xcassets; sourceTree = "<group>"; };
		73F0BE7A292DA8F6006BA3EA /* Base */ = {isa = PBXFileReference; lastKnownFileType = file.storyboard; name = Base; path = Base.lproj/LaunchScreen.storyboard; sourceTree = "<group>"; };
		73F0BE7C292DA8F6006BA3EA /* Info.plist */ = {isa = PBXFileReference; lastKnownFileType = text.plist.xml; path = Info.plist; sourceTree = "<group>"; };
		73F0BE88292DBA2E006BA3EA /* DestinationsCardModel.swift */ = {isa = PBXFileReference; lastKnownFileType = sourcecode.swift; path = DestinationsCardModel.swift; sourceTree = "<group>"; };
		73F0BE8A292DBB9D006BA3EA /* DestinationCardViewController.swift */ = {isa = PBXFileReference; lastKnownFileType = sourcecode.swift; path = DestinationCardViewController.swift; sourceTree = "<group>"; };
/* End PBXFileReference section */

/* Begin PBXFrameworksBuildPhase section */
		73F0BE68292DA8F3006BA3EA /* Frameworks */ = {
			isa = PBXFrameworksBuildPhase;
			buildActionMask = 2147483647;
			files = (
			);
			runOnlyForDeploymentPostprocessing = 0;
		};
/* End PBXFrameworksBuildPhase section */

/* Begin PBXGroup section */
		73AE45DB2931033200A6A885 /* Configs */ = {
			isa = PBXGroup;
			children = (
			);
			path = Configs;
			sourceTree = "<group>";
		};
		73AE45DC293103DB00A6A885 /* Core */ = {
			isa = PBXGroup;
			children = (
				73F0BE70292DA8F3006BA3EA /* SceneDelegate.swift */,
				73F0BE6E292DA8F3006BA3EA /* AppDelegate.swift */,
			);
			path = Core;
			sourceTree = "<group>";
		};
		73AE45DD293103E800A6A885 /* Resources */ = {
			isa = PBXGroup;
			children = (
				73F0BE77292DA8F6006BA3EA /* Assets.xcassets */,
				73F0BE74292DA8F3006BA3EA /* Main.storyboard */,
				73F0BE79292DA8F6006BA3EA /* LaunchScreen.storyboard */,
				73AE45E029310D9B00A6A885 /* UserCircleUIImageView.swift */,
			);
			path = Resources;
			sourceTree = "<group>";
		};
		73AE45DE2931041C00A6A885 /* Services */ = {
			isa = PBXGroup;
			children = (
			);
			path = Services;
			sourceTree = "<group>";
		};
		73AE45DF2931043100A6A885 /* Utils */ = {
			isa = PBXGroup;
			children = (
			);
			path = Utils;
			sourceTree = "<group>";
		};
		73F0BE62292DA8F3006BA3EA = {
			isa = PBXGroup;
			children = (
				73F0BE6D292DA8F3006BA3EA /* MyProfie */,
				73F0BE6C292DA8F3006BA3EA /* Products */,
			);
			sourceTree = "<group>";
		};
		73F0BE6C292DA8F3006BA3EA /* Products */ = {
			isa = PBXGroup;
			children = (
				73F0BE6B292DA8F3006BA3EA /* MyProfie.app */,
			);
			name = Products;
			sourceTree = "<group>";
		};
		73F0BE6D292DA8F3006BA3EA /* MyProfie */ = {
			isa = PBXGroup;
			children = (
				73F0BE7C292DA8F6006BA3EA /* Info.plist */,
				73AE45DF2931043100A6A885 /* Utils */,
				73AE45DE2931041C00A6A885 /* Services */,
				73AE45DD293103E800A6A885 /* Resources */,
				73AE45DC293103DB00A6A885 /* Core */,
				73AE45DB2931033200A6A885 /* Configs */,
				73F0BE87292DA9A7006BA3EA /* View */,
				73F0BE86292DA9A0006BA3EA /* Model */,
				73F0BE85292DA996006BA3EA /* ViewModel */,
			);
			path = MyProfie;
			sourceTree = "<group>";
		};
		73F0BE85292DA996006BA3EA /* ViewModel */ = {
			isa = PBXGroup;
			children = (
				73F0BE72292DA8F3006BA3EA /* UserProfileViewController.swift */,
				73F0BE8A292DBB9D006BA3EA /* DestinationCardViewController.swift */,
			);
			path = ViewModel;
			sourceTree = "<group>";
		};
		73F0BE86292DA9A0006BA3EA /* Model */ = {
			isa = PBXGroup;
			children = (
				73F0BE88292DBA2E006BA3EA /* DestinationsCardModel.swift */,
			);
			path = Model;
			sourceTree = "<group>";
		};
		73F0BE87292DA9A7006BA3EA /* View */ = {
			isa = PBXGroup;
			children = (
				73ACB449292DBC38005B7CAE /* DestinationCardViewController.xib */,
			);
			path = View;
			sourceTree = "<group>";
		};
/* End PBXGroup section */

/* Begin PBXNativeTarget section */
		73F0BE6A292DA8F3006BA3EA /* MyProfie */ = {
			isa = PBXNativeTarget;
			buildConfigurationList = 73F0BE7F292DA8F6006BA3EA /* Build configuration list for PBXNativeTarget "MyProfie" */;
			buildPhases = (
				73F0BE67292DA8F3006BA3EA /* Sources */,
				73F0BE68292DA8F3006BA3EA /* Frameworks */,
				73F0BE69292DA8F3006BA3EA /* Resources */,
			);
			buildRules = (
			);
			dependencies = (
			);
			name = MyProfie;
			productName = MyProfie;
			productReference = 73F0BE6B292DA8F3006BA3EA /* MyProfie.app */;
			productType = "com.apple.product-type.application";
		};
/* End PBXNativeTarget section */

/* Begin PBXProject section */
		73F0BE63292DA8F3006BA3EA /* Project object */ = {
			isa = PBXProject;
			attributes = {
				BuildIndependentTargetsInParallel = 1;
				LastSwiftUpdateCheck = 1410;
				LastUpgradeCheck = 1410;
				TargetAttributes = {
					73F0BE6A292DA8F3006BA3EA = {
						CreatedOnToolsVersion = 14.1;
					};
				};
			};
			buildConfigurationList = 73F0BE66292DA8F3006BA3EA /* Build configuration list for PBXProject "MyProfie" */;
			compatibilityVersion = "Xcode 11.0";
			developmentRegion = en;
			hasScannedForEncodings = 0;
			knownRegions = (
				en,
				Base,
			);
			mainGroup = 73F0BE62292DA8F3006BA3EA;
			productRefGroup = 73F0BE6C292DA8F3006BA3EA /* Products */;
			projectDirPath = "";
			projectRoot = "";
			targets = (
				73F0BE6A292DA8F3006BA3EA /* MyProfie */,
			);
		};
/* End PBXProject section */

/* Begin PBXResourcesBuildPhase section */
		73F0BE69292DA8F3006BA3EA /* Resources */ = {
			isa = PBXResourcesBuildPhase;
			buildActionMask = 2147483647;
			files = (
				73F0BE7B292DA8F6006BA3EA /* LaunchScreen.storyboard in Resources */,
				73F0BE78292DA8F6006BA3EA /* Assets.xcassets in Resources */,
				73F0BE76292DA8F3006BA3EA /* Main.storyboard in Resources */,
				73ACB44A292DBC38005B7CAE /* DestinationCardViewController.xib in Resources */,
			);
			runOnlyForDeploymentPostprocessing = 0;
		};
/* End PBXResourcesBuildPhase section */

/* Begin PBXSourcesBuildPhase section */
		73F0BE67292DA8F3006BA3EA /* Sources */ = {
			isa = PBXSourcesBuildPhase;
			buildActionMask = 2147483647;
			files = (
				73F0BE8C292DBB9D006BA3EA /* DestinationCardViewController.swift in Sources */,
				73F0BE73292DA8F3006BA3EA /* UserProfileViewController.swift in Sources */,
				73F0BE6F292DA8F3006BA3EA /* AppDelegate.swift in Sources */,
				73AE45E129310D9B00A6A885 /* UserCircleUIImageView.swift in Sources */,
				73F0BE89292DBA2E006BA3EA /* DestinationsCardModel.swift in Sources */,
				73F0BE71292DA8F3006BA3EA /* SceneDelegate.swift in Sources */,
			);
			runOnlyForDeploymentPostprocessing = 0;
		};
/* End PBXSourcesBuildPhase section */

/* Begin PBXVariantGroup section */
		73F0BE74292DA8F3006BA3EA /* Main.storyboard */ = {
			isa = PBXVariantGroup;
			children = (
				73F0BE75292DA8F3006BA3EA /* Base */,
			);
			name = Main.storyboard;
			sourceTree = "<group>";
		};
		73F0BE79292DA8F6006BA3EA /* LaunchScreen.storyboard */ = {
			isa = PBXVariantGroup;
			children = (
				73F0BE7A292DA8F6006BA3EA /* Base */,
			);
			name = LaunchScreen.storyboard;
			sourceTree = "<group>";
		};
/* End PBXVariantGroup section */

/* Begin XCBuildConfiguration section */
		73F0BE7D292DA8F6006BA3EA /* Debug */ = {
			isa = XCBuildConfiguration;
			buildSettings = {
				ALWAYS_SEARCH_USER_PATHS = NO;
				CLANG_ANALYZER_NONNULL = YES;
				CLANG_ANALYZER_NUMBER_OBJECT_CONVERSION = YES_AGGRESSIVE;
				CLANG_CXX_LANGUAGE_STANDARD = "gnu++20";
				CLANG_ENABLE_MODULES = YES;
				CLANG_ENABLE_OBJC_ARC = YES;
				CLANG_ENABLE_OBJC_WEAK = YES;
				CLANG_WARN_BLOCK_CAPTURE_AUTORELEASING = YES;
				CLANG_WARN_BOOL_CONVERSION = YES;
				CLANG_WARN_COMMA = YES;
				CLANG_WARN_CONSTANT_CONVERSION = YES;
				CLANG_WARN_DEPRECATED_OBJC_IMPLEMENTATIONS = YES;
				CLANG_WARN_DIRECT_OBJC_ISA_USAGE = YES_ERROR;
				CLANG_WARN_DOCUMENTATION_COMMENTS = YES;
				CLANG_WARN_EMPTY_BODY = YES;
				CLANG_WARN_ENUM_CONVERSION = YES;
				CLANG_WARN_INFINITE_RECURSION = YES;
				CLANG_WARN_INT_CONVERSION = YES;
				CLANG_WARN_NON_LITERAL_NULL_CONVERSION = YES;
				CLANG_WARN_OBJC_IMPLICIT_RETAIN_SELF = YES;
				CLANG_WARN_OBJC_LITERAL_CONVERSION = YES;
				CLANG_WARN_OBJC_ROOT_CLASS = YES_ERROR;
				CLANG_WARN_QUOTED_INCLUDE_IN_FRAMEWORK_HEADER = YES;
				CLANG_WARN_RANGE_LOOP_ANALYSIS = YES;
				CLANG_WARN_STRICT_PROTOTYPES = YES;
				CLANG_WARN_SUSPICIOUS_MOVE = YES;
				CLANG_WARN_UNGUARDED_AVAILABILITY = YES_AGGRESSIVE;
				CLANG_WARN_UNREACHABLE_CODE = YES;
				CLANG_WARN__DUPLICATE_METHOD_MATCH = YES;
				COPY_PHASE_STRIP = NO;
				DEBUG_INFORMATION_FORMAT = dwarf;
				ENABLE_STRICT_OBJC_MSGSEND = YES;
				ENABLE_TESTABILITY = YES;
				GCC_C_LANGUAGE_STANDARD = gnu11;
				GCC_DYNAMIC_NO_PIC = NO;
				GCC_NO_COMMON_BLOCKS = YES;
				GCC_OPTIMIZATION_LEVEL = 0;
				GCC_PREPROCESSOR_DEFINITIONS = (
					"DEBUG=1",
					"$(inherited)",
				);
				GCC_WARN_64_TO_32_BIT_CONVERSION = YES;
				GCC_WARN_ABOUT_RETURN_TYPE = YES_ERROR;
				GCC_WARN_UNDECLARED_SELECTOR = YES;
				GCC_WARN_UNINITIALIZED_AUTOS = YES_AGGRESSIVE;
				GCC_WARN_UNUSED_FUNCTION = YES;
				GCC_WARN_UNUSED_VARIABLE = YES;
				IPHONEOS_DEPLOYMENT_TARGET = 16.1;
				MTL_ENABLE_DEBUG_INFO = INCLUDE_SOURCE;
				MTL_FAST_MATH = YES;
				ONLY_ACTIVE_ARCH = YES;
				SDKROOT = iphoneos;
				SWIFT_ACTIVE_COMPILATION_CONDITIONS = DEBUG;
				SWIFT_OPTIMIZATION_LEVEL = "-Onone";
			};
			name = Debug;
		};
		73F0BE7E292DA8F6006BA3EA /* Release */ = {
			isa = XCBuildConfiguration;
			buildSettings = {
				ALWAYS_SEARCH_USER_PATHS = NO;
				CLANG_ANALYZER_NONNULL = YES;
				CLANG_ANALYZER_NUMBER_OBJECT_CONVERSION = YES_AGGRESSIVE;
				CLANG_CXX_LANGUAGE_STANDARD = "gnu++20";
				CLANG_ENABLE_MODULES = YES;
				CLANG_ENABLE_OBJC_ARC = YES;
				CLANG_ENABLE_OBJC_WEAK = YES;
				CLANG_WARN_BLOCK_CAPTURE_AUTORELEASING = YES;
				CLANG_WARN_BOOL_CONVERSION = YES;
				CLANG_WARN_COMMA = YES;
				CLANG_WARN_CONSTANT_CONVERSION = YES;
				CLANG_WARN_DEPRECATED_OBJC_IMPLEMENTATIONS = YES;
				CLANG_WARN_DIRECT_OBJC_ISA_USAGE = YES_ERROR;
				CLANG_WARN_DOCUMENTATION_COMMENTS = YES;
				CLANG_WARN_EMPTY_BODY = YES;
				CLANG_WARN_ENUM_CONVERSION = YES;
				CLANG_WARN_INFINITE_RECURSION = YES;
				CLANG_WARN_INT_CONVERSION = YES;
				CLANG_WARN_NON_LITERAL_NULL_CONVERSION = YES;
				CLANG_WARN_OBJC_IMPLICIT_RETAIN_SELF = YES;
				CLANG_WARN_OBJC_LITERAL_CONVERSION = YES;
				CLANG_WARN_OBJC_ROOT_CLASS = YES_ERROR;
				CLANG_WARN_QUOTED_INCLUDE_IN_FRAMEWORK_HEADER = YES;
				CLANG_WARN_RANGE_LOOP_ANALYSIS = YES;
				CLANG_WARN_STRICT_PROTOTYPES = YES;
				CLANG_WARN_SUSPICIOUS_MOVE = YES;
				CLANG_WARN_UNGUARDED_AVAILABILITY = YES_AGGRESSIVE;
				CLANG_WARN_UNREACHABLE_CODE = YES;
				CLANG_WARN__DUPLICATE_METHOD_MATCH = YES;
				COPY_PHASE_STRIP = NO;
				DEBUG_INFORMATION_FORMAT = "dwarf-with-dsym";
				ENABLE_NS_ASSERTIONS = NO;
				ENABLE_STRICT_OBJC_MSGSEND = YES;
				GCC_C_LANGUAGE_STANDARD = gnu11;
				GCC_NO_COMMON_BLOCKS = YES;
				GCC_WARN_64_TO_32_BIT_CONVERSION = YES;
				GCC_WARN_ABOUT_RETURN_TYPE = YES_ERROR;
				GCC_WARN_UNDECLARED_SELECTOR = YES;
				GCC_WARN_UNINITIALIZED_AUTOS = YES_AGGRESSIVE;
				GCC_WARN_UNUSED_FUNCTION = YES;
				GCC_WARN_UNUSED_VARIABLE = YES;
				IPHONEOS_DEPLOYMENT_TARGET = 16.1;
				MTL_ENABLE_DEBUG_INFO = NO;
				MTL_FAST_MATH = YES;
				SDKROOT = iphoneos;
				SWIFT_COMPILATION_MODE = wholemodule;
				SWIFT_OPTIMIZATION_LEVEL = "-O";
				VALIDATE_PRODUCT = YES;
			};
			name = Release;
		};
		73F0BE80292DA8F6006BA3EA /* Debug */ = {
			isa = XCBuildConfiguration;
			buildSettings = {
				ASSETCATALOG_COMPILER_APPICON_NAME = AppIcon;
				ASSETCATALOG_COMPILER_GLOBAL_ACCENT_COLOR_NAME = AccentColor;
				CODE_SIGN_STYLE = Automatic;
				CURRENT_PROJECT_VERSION = 1;
				DEVELOPMENT_TEAM = 3JHURF9865;
				GENERATE_INFOPLIST_FILE = YES;
				INFOPLIST_FILE = MyProfie/Info.plist;
				INFOPLIST_KEY_UIApplicationSupportsIndirectInputEvents = YES;
				INFOPLIST_KEY_UILaunchStoryboardName = LaunchScreen;
				INFOPLIST_KEY_UIMainStoryboardFile = Main;
				INFOPLIST_KEY_UISupportedInterfaceOrientations = UIInterfaceOrientationPortrait;
				INFOPLIST_KEY_UISupportedInterfaceOrientations_iPad = "UIInterfaceOrientationLandscapeLeft UIInterfaceOrientationLandscapeRight UIInterfaceOrientationPortrait UIInterfaceOrientationPortraitUpsideDown";
				IPHONEOS_DEPLOYMENT_TARGET = 13.0;
				LD_RUNPATH_SEARCH_PATHS = (
					"$(inherited)",
					"@executable_path/Frameworks",
				);
				MARKETING_VERSION = 1.0;
				PRODUCT_BUNDLE_IDENTIFIER = me.MyProfie;
				PRODUCT_NAME = "$(TARGET_NAME)";
				SWIFT_EMIT_LOC_STRINGS = YES;
				SWIFT_VERSION = 5.0;
				TARGETED_DEVICE_FAMILY = "1,2";
			};
			name = Debug;
		};
		73F0BE81292DA8F6006BA3EA /* Release */ = {
			isa = XCBuildConfiguration;
			buildSettings = {
				ASSETCATALOG_COMPILER_APPICON_NAME = AppIcon;
				ASSETCATALOG_COMPILER_GLOBAL_ACCENT_COLOR_NAME = AccentColor;
				CODE_SIGN_STYLE = Automatic;
				CURRENT_PROJECT_VERSION = 1;
				DEVELOPMENT_TEAM = 3JHURF9865;
				GENERATE_INFOPLIST_FILE = YES;
				INFOPLIST_FILE = MyProfie/Info.plist;
				INFOPLIST_KEY_UIApplicationSupportsIndirectInputEvents = YES;
				INFOPLIST_KEY_UILaunchStoryboardName = LaunchScreen;
				INFOPLIST_KEY_UIMainStoryboardFile = Main;
				INFOPLIST_KEY_UISupportedInterfaceOrientations = UIInterfaceOrientationPortrait;
				INFOPLIST_KEY_UISupportedInterfaceOrientations_iPad = "UIInterfaceOrientationLandscapeLeft UIInterfaceOrientationLandscapeRight UIInterfaceOrientationPortrait UIInterfaceOrientationPortraitUpsideDown";
				IPHONEOS_DEPLOYMENT_TARGET = 13.0;
				LD_RUNPATH_SEARCH_PATHS = (
					"$(inherited)",
					"@executable_path/Frameworks",
				);
				MARKETING_VERSION = 1.0;
				PRODUCT_BUNDLE_IDENTIFIER = me.MyProfie;
				PRODUCT_NAME = "$(TARGET_NAME)";
				SWIFT_EMIT_LOC_STRINGS = YES;
				SWIFT_VERSION = 5.0;
				TARGETED_DEVICE_FAMILY = "1,2";
			};
			name = Release;
		};
/* End XCBuildConfiguration section */

/* Begin XCConfigurationList section */
		73F0BE66292DA8F3006BA3EA /* Build configuration list for PBXProject "MyProfie" */ = {
			isa = XCConfigurationList;
			buildConfigurations = (
				73F0BE7D292DA8F6006BA3EA /* Debug */,
				73F0BE7E292DA8F6006BA3EA /* Release */,
			);
			defaultConfigurationIsVisible = 0;
			defaultConfigurationName = Release;
		};
		73F0BE7F292DA8F6006BA3EA /* Build configuration list for PBXNativeTarget "MyProfie" */ = {
			isa = XCConfigurationList;
			buildConfigurations = (
				73F0BE80292DA8F6006BA3EA /* Debug */,
				73F0BE81292DA8F6006BA3EA /* Release */,
			);
			defaultConfigurationIsVisible = 0;
			defaultConfigurationName = Release;
		};
/* End XCConfigurationList section */
	};
	rootObject = 73F0BE63292DA8F3006BA3EA /* Project object */;
}
